#MicroXplorer Configuration settings - do not modify
ADC1.Channel-0\#ChannelRegularConversion=ADC_CHANNEL_3
ADC1.Channel-1\#ChannelInjectedConversion=ADC_CHANNEL_3
ADC1.Channel-2\#ChannelInjectedConversion=ADC_CHANNEL_6
ADC1.ContinuousConvMode=ENABLE
ADC1.DMAContinuousRequests=ENABLE
ADC1.IPParameters=Rank-0\#ChannelRegularConversion,master,Channel-0\#ChannelRegularConversion,SamplingTime-0\#ChannelRegularConversion,NbrOfConversionFlag,ScanConvMode,ContinuousConvMode,DMAContinuousRequests,InjNumberOfConversion,InjectedRank-1\#ChannelInjectedConversion,Channel-1\#ChannelInjectedConversion,SamplingTime-1\#ChannelInjectedConversion,InjectedOffset-1\#ChannelInjectedConversion,InjectedRank-2\#ChannelInjectedConversion,Channel-2\#ChannelInjectedConversion,SamplingTime-2\#ChannelInjectedConversion,InjectedOffset-2\#ChannelInjectedConversion
ADC1.InjNumberOfConversion=2
ADC1.InjectedOffset-1\#ChannelInjectedConversion=0
ADC1.InjectedOffset-2\#ChannelInjectedConversion=0
ADC1.InjectedRank-1\#ChannelInjectedConversion=1
ADC1.InjectedRank-2\#ChannelInjectedConversion=2
ADC1.NbrOfConversionFlag=1
ADC1.Rank-0\#ChannelRegularConversion=1
ADC1.SamplingTime-0\#ChannelRegularConversion=ADC_SAMPLETIME_3CYCLES
ADC1.SamplingTime-1\#ChannelInjectedConversion=ADC_SAMPLETIME_3CYCLES
ADC1.SamplingTime-2\#ChannelInjectedConversion=ADC_SAMPLETIME_3CYCLES
ADC1.ScanConvMode=ENABLE
ADC1.master=1
CAN1.CalculateBaudRate=937500
CAN1.CalculateTimeBit=1066
CAN1.CalculateTimeQuantum=355.55555555555554
CAN1.IPParameters=CalculateTimeQuantum,CalculateTimeBit,CalculateBaudRate
DAC.DAC_OutputBuffer=DAC_OUTPUTBUFFER_DISABLE
DAC.DAC_OutputBuffer2=DAC_OUTPUTBUFFER_DISABLE
DAC.IPParameters=DAC_OutputBuffer,DAC_OutputBuffer2
Dma.ADC1.0.Direction=DMA_PERIPH_TO_MEMORY
Dma.ADC1.0.FIFOMode=DMA_FIFOMODE_DISABLE
Dma.ADC1.0.Instance=DMA2_Stream0
Dma.ADC1.0.MemDataAlignment=DMA_MDATAALIGN_HALFWORD
Dma.ADC1.0.MemInc=DMA_MINC_ENABLE
Dma.ADC1.0.Mode=DMA_NORMAL
Dma.ADC1.0.PeriphDataAlignment=DMA_PDATAALIGN_HALFWORD
Dma.ADC1.0.PeriphInc=DMA_PINC_DISABLE
Dma.ADC1.0.Priority=DMA_PRIORITY_LOW
Dma.ADC1.0.RequestParameters=Instance,Direction,PeriphInc,MemInc,PeriphDataAlignment,MemDataAlignment,Mode,Priority,FIFOMode
Dma.Request0=ADC1
Dma.RequestsNb=1
ETH.IPParameters=MediaInterface,PHY_Name_RMII
ETH.MediaInterface=HAL_ETH_RMII_MODE
ETH.PHY_Name_RMII=LAN8742A_PHY_ADDRESS
FMC.CASLatency1=FMC_SDRAM_CAS_LATENCY_3
FMC.ColumnBitsNumber1=FMC_SDRAM_COLUMN_BITS_NUM_9
FMC.ExitSelfRefreshDelay1=8
FMC.IPParameters=SDClockPeriod1,SDClockPeriod2,ReadBurst1,ReadBurst2,LoadToActiveDelay1,ExitSelfRefreshDelay1,SelfRefreshTime1,RowCycleDelay1,RowCycleDelay2,RPDelay1,RPDelay2,RCDDelay1,WriteRecoveryTime1,CASLatency1,ReadPipeDelay1,ReadPipeDelay2,ColumnBitsNumber1
FMC.LoadToActiveDelay1=2
FMC.RCDDelay1=2
FMC.RPDelay1=2
FMC.RPDelay2=2
FMC.ReadBurst1=FMC_SDRAM_RBURST_ENABLE
FMC.ReadBurst2=FMC_SDRAM_RBURST_ENABLE
FMC.ReadPipeDelay1=FMC_SDRAM_RPIPE_DELAY_1
FMC.ReadPipeDelay2=FMC_SDRAM_RPIPE_DELAY_1
FMC.RowCycleDelay1=6
FMC.RowCycleDelay2=6
FMC.SDClockPeriod1=FMC_SDRAM_CLOCK_PERIOD_2
FMC.SDClockPeriod2=FMC_SDRAM_CLOCK_PERIOD_2
FMC.SelfRefreshTime1=6
FMC.WriteRecoveryTime1=4
FREERTOS.FootprintOK=true
FREERTOS.INCLUDE_vTaskDelete=1
FREERTOS.INCLUDE_vTaskSuspend=1
FREERTOS.INCLUDE_xQueueGetMutexHolder=1
FREERTOS.INCLUDE_xSemaphoreGetMutexHolder=1
FREERTOS.INCLUDE_xTaskGetSchedulerState=1
FREERTOS.IPParameters=Tasks01,INCLUDE_vTaskDelete,INCLUDE_vTaskSuspend,INCLUDE_xTaskGetSchedulerState,INCLUDE_xQueueGetMutexHolder,FootprintOK,configENABLE_FPU,INCLUDE_xSemaphoreGetMutexHolder,configMINIMAL_STACK_SIZE
FREERTOS.Tasks01=defaultTask,24,1024,StartDefaultTask,Default,NULL,Dynamic,NULL,NULL;us_es_Task,40,1024,StartTask02,As weak,NULL,Dynamic,NULL,NULL;comTask,8,1024,StartTask03,As weak,NULL,Dynamic,NULL,NULL;fpga_Task,8,1024,StartTask04,As weak,NULL,Dynamic,NULL,NULL;mainTask,24,1024,StartTask05,As weak,NULL,Dynamic,NULL,NULL
FREERTOS.configENABLE_FPU=1
FREERTOS.configMINIMAL_STACK_SIZE=128
File.Version=6
GPIO.groupedBy=Group By Peripherals
KeepUserPlacement=false
LWIP.BSP.number=1
LWIP.GATEWAY_ADDRESS=192.168.000.254
LWIP.IPParameters=LWIP_DHCP,IP_ADDRESS,NETMASK_ADDRESS,GATEWAY_ADDRESS,LWIP_UDP
LWIP.IP_ADDRESS=192.168.000.001
LWIP.LWIP_DHCP=0
LWIP.LWIP_UDP=0
LWIP.NETMASK_ADDRESS=255.255.255.255
LWIP.Version=v2.1.2_Cube
LWIP0.BSP.STBoard=false
LWIP0.BSP.api=BSP_COMPONENT_DRIVER
LWIP0.BSP.component=LAN8742
LWIP0.BSP.condition=
LWIP0.BSP.i2caddr=0
LWIP0.BSP.i2creg=
LWIP0.BSP.instance=LAN8742
LWIP0.BSP.ip=
LWIP0.BSP.mode=
LWIP0.BSP.name=Driver_PHY
LWIP0.BSP.semaphore=S_LAN8742
LWIP0.BSP.solution=LAN8742
Mcu.CPN=STM32F429NIH6
Mcu.Family=STM32F4
Mcu.IP0=ADC1
Mcu.IP1=CAN1
Mcu.IP10=NVIC
Mcu.IP11=RCC
Mcu.IP12=SAI1
Mcu.IP13=SPI2
Mcu.IP14=SPI3
Mcu.IP15=SPI5
Mcu.IP16=SPI6
Mcu.IP17=SYS
Mcu.IP18=TIM7
Mcu.IP19=USART1
Mcu.IP2=DAC
Mcu.IP20=USART3
Mcu.IP3=DMA
Mcu.IP4=ETH
Mcu.IP5=FMC
Mcu.IP6=FREERTOS
Mcu.IP7=I2C2
Mcu.IP8=I2C3
Mcu.IP9=LWIP
Mcu.IPNb=21
Mcu.Name=STM32F429NIHx
Mcu.Package=TFBGA216
Mcu.Pin0=PE4
Mcu.Pin1=PE3
Mcu.Pin10=PD7
Mcu.Pin100=PJ6
Mcu.Pin101=PD15
Mcu.Pin102=PB13
Mcu.Pin103=PD10
Mcu.Pin104=PF10
Mcu.Pin105=PF9
Mcu.Pin106=PF8
Mcu.Pin107=PC3
Mcu.Pin108=PD14
Mcu.Pin109=PB12
Mcu.Pin11=PC12
Mcu.Pin110=PD9
Mcu.Pin111=PD8
Mcu.Pin112=PC0
Mcu.Pin113=PC1
Mcu.Pin114=PC2
Mcu.Pin115=PF12
Mcu.Pin116=PG1
Mcu.Pin117=PF15
Mcu.Pin118=PJ4
Mcu.Pin119=PD12
Mcu.Pin12=PA15
Mcu.Pin120=PD13
Mcu.Pin121=PG3
Mcu.Pin122=PG2
Mcu.Pin123=PJ5
Mcu.Pin124=PH12
Mcu.Pin125=PA1
Mcu.Pin126=PA0/WKUP
Mcu.Pin127=PA4
Mcu.Pin128=PC4
Mcu.Pin129=PF13
Mcu.Pin13=PA14
Mcu.Pin130=PG0
Mcu.Pin131=PJ3
Mcu.Pin132=PE8
Mcu.Pin133=PD11
Mcu.Pin134=PG5
Mcu.Pin135=PG4
Mcu.Pin136=PH7
Mcu.Pin137=PH9
Mcu.Pin138=PH11
Mcu.Pin139=PA2
Mcu.Pin14=PA13
Mcu.Pin140=PA6
Mcu.Pin141=PA5
Mcu.Pin142=PC5
Mcu.Pin143=PF14
Mcu.Pin144=PJ2
Mcu.Pin145=PF11
Mcu.Pin146=PE9
Mcu.Pin147=PE11
Mcu.Pin148=PE14
Mcu.Pin149=PB10
Mcu.Pin15=PE5
Mcu.Pin150=PH6
Mcu.Pin151=PH8
Mcu.Pin152=PH10
Mcu.Pin153=PA3
Mcu.Pin154=PA7
Mcu.Pin155=PB1
Mcu.Pin156=PJ0
Mcu.Pin157=PJ1
Mcu.Pin158=PE7
Mcu.Pin159=PE10
Mcu.Pin16=PE6
Mcu.Pin160=PE12
Mcu.Pin161=PE15
Mcu.Pin162=PE13
Mcu.Pin163=PB11
Mcu.Pin164=PB14
Mcu.Pin165=PB15
Mcu.Pin166=VP_FREERTOS_VS_CMSIS_V2
Mcu.Pin167=VP_LWIP_VS_Enabled
Mcu.Pin168=VP_SYS_VS_tim12
Mcu.Pin169=VP_TIM7_VS_ClockSourceINT
Mcu.Pin17=PG13
Mcu.Pin18=PB9
Mcu.Pin19=PB7
Mcu.Pin2=PE2
Mcu.Pin20=PB6
Mcu.Pin21=PG15
Mcu.Pin22=PG11
Mcu.Pin23=PJ13
Mcu.Pin24=PJ12
Mcu.Pin25=PD6
Mcu.Pin26=PD0
Mcu.Pin27=PC11
Mcu.Pin28=PC10
Mcu.Pin29=PA12
Mcu.Pin3=PG14
Mcu.Pin30=PI8
Mcu.Pin31=PI4
Mcu.Pin32=PK7
Mcu.Pin33=PK6
Mcu.Pin34=PK5
Mcu.Pin35=PG12
Mcu.Pin36=PG10
Mcu.Pin37=PJ14
Mcu.Pin38=PD5
Mcu.Pin39=PD3
Mcu.Pin4=PE1
Mcu.Pin40=PD1
Mcu.Pin41=PI3
Mcu.Pin42=PI2
Mcu.Pin43=PA11
Mcu.Pin44=PC13
Mcu.Pin45=PF0
Mcu.Pin46=PI5
Mcu.Pin47=PI7
Mcu.Pin48=PI10
Mcu.Pin49=PI6
Mcu.Pin5=PE0
Mcu.Pin50=PK4
Mcu.Pin51=PK3
Mcu.Pin52=PG9
Mcu.Pin53=PJ15
Mcu.Pin54=PD4
Mcu.Pin55=PD2
Mcu.Pin56=PH15
Mcu.Pin57=PI1
Mcu.Pin58=PA10
Mcu.Pin59=PC14/OSC32_IN
Mcu.Pin6=PB8
Mcu.Pin60=PF1
Mcu.Pin61=PI12
Mcu.Pin62=PI9
Mcu.Pin63=PH13
Mcu.Pin64=PH14
Mcu.Pin65=PI0
Mcu.Pin66=PA9
Mcu.Pin67=PC15/OSC32_OUT
Mcu.Pin68=PI11
Mcu.Pin69=PK1
Mcu.Pin7=PB5
Mcu.Pin70=PK2
Mcu.Pin71=PC9
Mcu.Pin72=PA8
Mcu.Pin73=PH0/OSC_IN
Mcu.Pin74=PF2
Mcu.Pin75=PI13
Mcu.Pin76=PI15
Mcu.Pin77=PJ11
Mcu.Pin78=PK0
Mcu.Pin79=PC8
Mcu.Pin8=PB4
Mcu.Pin80=PC7
Mcu.Pin81=PH1/OSC_OUT
Mcu.Pin82=PF3
Mcu.Pin83=PI14
Mcu.Pin84=PH4
Mcu.Pin85=PJ8
Mcu.Pin86=PJ10
Mcu.Pin87=PG8
Mcu.Pin88=PC6
Mcu.Pin89=PF4
Mcu.Pin9=PB3
Mcu.Pin90=PH5
Mcu.Pin91=PH3
Mcu.Pin92=PJ7
Mcu.Pin93=PJ9
Mcu.Pin94=PG7
Mcu.Pin95=PG6
Mcu.Pin96=PF7
Mcu.Pin97=PF6
Mcu.Pin98=PF5
Mcu.Pin99=PH2
Mcu.PinsNb=170
Mcu.ThirdPartyNb=0
Mcu.UserConstants=
Mcu.UserName=STM32F429NIHx
MxCube.Version=6.5.0
MxDb.Version=DB.6.0.50
NVIC.BusFault_IRQn=true\:0\:0\:false\:false\:true\:false\:false\:false\:true
NVIC.DMA2_Stream0_IRQn=true\:5\:0\:false\:false\:true\:true\:false\:true\:true
NVIC.DebugMonitor_IRQn=true\:0\:0\:false\:false\:true\:false\:false\:false\:true
NVIC.ETH_IRQn=true\:5\:0\:false\:false\:true\:true\:false\:true\:true
NVIC.ForceEnableDMAVector=true
NVIC.HardFault_IRQn=true\:0\:0\:false\:false\:true\:false\:false\:false\:true
NVIC.I2C2_ER_IRQn=true\:5\:0\:false\:false\:true\:true\:true\:true\:true
NVIC.I2C2_EV_IRQn=true\:5\:0\:false\:false\:true\:true\:true\:true\:true
NVIC.I2C3_ER_IRQn=true\:5\:0\:false\:false\:true\:true\:true\:true\:true
NVIC.I2C3_EV_IRQn=true\:5\:0\:false\:false\:true\:true\:true\:true\:true
NVIC.MemoryManagement_IRQn=true\:0\:0\:false\:false\:true\:false\:false\:false\:true
NVIC.NonMaskableInt_IRQn=true\:0\:0\:false\:false\:true\:false\:false\:false\:true
NVIC.PendSV_IRQn=true\:15\:0\:false\:false\:false\:true\:false\:false\:true
NVIC.PriorityGroup=NVIC_PRIORITYGROUP_4
NVIC.SAI1_IRQn=true\:5\:0\:false\:false\:true\:true\:true\:true\:true
NVIC.SVCall_IRQn=true\:0\:0\:false\:false\:false\:false\:false\:false\:true
NVIC.SavedPendsvIrqHandlerGenerated=true
NVIC.SavedSvcallIrqHandlerGenerated=true
NVIC.SavedSystickIrqHandlerGenerated=true
NVIC.SysTick_IRQn=true\:15\:0\:false\:false\:false\:true\:false\:true\:true
NVIC.TIM7_IRQn=true\:5\:0\:false\:false\:true\:true\:true\:true\:true
NVIC.TIM8_BRK_TIM12_IRQn=true\:15\:0\:false\:false\:true\:false\:false\:true\:true
NVIC.TimeBase=TIM8_BRK_TIM12_IRQn
NVIC.TimeBaseIP=TIM12
NVIC.USART1_IRQn=true\:5\:0\:false\:false\:true\:true\:true\:true\:true
NVIC.USART3_IRQn=true\:5\:0\:false\:false\:true\:true\:true\:true\:true
NVIC.UsageFault_IRQn=true\:0\:0\:false\:false\:true\:false\:false\:false\:true
PA0/WKUP.Locked=true
PA0/WKUP.Mode=SYS_WakeUp0
PA0/WKUP.Signal=SYS_WKUP
PA1.Mode=RMII
PA1.Signal=ETH_REF_CLK
PA10.Locked=true
PA10.Mode=Asynchronous
PA10.Signal=USART1_RX
PA11.Locked=true
PA11.Mode=CAN_Activate
PA11.Signal=CAN1_RX
PA12.Locked=true
PA12.Mode=CAN_Activate
PA12.Signal=CAN1_TX
PA13.Mode=JTAG_5_pins
PA13.Signal=SYS_JTMS-SWDIO
PA14.Mode=JTAG_5_pins
PA14.Signal=SYS_JTCK-SWCLK
PA15.Mode=JTAG_5_pins
PA15.Signal=SYS_JTDI
PA2.Mode=RMII
PA2.Signal=ETH_MDIO
PA3.GPIOParameters=GPIO_Label
PA3.GPIO_Label=US_ADJ_FDBK
PA3.Signal=ADCx_IN3
PA4.Signal=COMP_DAC1_group
PA5.Signal=COMP_DAC2_group
PA6.GPIOParameters=GPIO_Label
PA6.GPIO_Label=ES_ADJ_FDBK
PA6.Signal=ADCx_IN6
PA7.Mode=RMII
PA7.Signal=ETH_CRS_DV
PA8.Mode=I2C
PA8.Signal=I2C3_SCL
PA9.Locked=true
PA9.Mode=Asynchronous
PA9.Signal=USART1_TX
PB1.GPIOParameters=GPIO_Label
PB1.GPIO_Label=PowerSupplyV
PB1.Signal=ADCx_IN9
PB10.Mode=Asynchronous
PB10.Signal=USART3_TX
PB11.Mode=Asynchronous
PB11.Signal=USART3_RX
PB12.Mode=RMII
PB12.Signal=ETH_TXD0
PB13.Mode=RMII
PB13.Signal=ETH_TXD1
PB14.GPIOParameters=GPIO_Label
PB14.GPIO_Label=FT_MAX
PB14.Locked=true
PB14.Signal=GPIO_Input
PB15.GPIOParameters=GPIO_Speed,GPIO_Label
PB15.GPIO_Label=HDL_CTRL
PB15.GPIO_Speed=GPIO_SPEED_FREQ_HIGH
PB15.Locked=true
PB15.Signal=GPIO_Output
PB3.Mode=JTAG_5_pins
PB3.Signal=SYS_JTDO-SWO
PB4.Mode=JTAG_5_pins
PB4.Signal=SYS_JTRST
PB5.GPIOParameters=GPIO_Label
PB5.GPIO_Label=ESADJ_CTRL
PB5.Locked=true
PB5.Signal=GPIO_Output
PB6.GPIOParameters=GPIO_Label
PB6.GPIO_Label=ES_FTMIN
PB6.Locked=true
PB6.Signal=GPIO_Input
PB7.GPIOParameters=GPIO_Label
PB7.GPIO_Label=FMC_NL-NADV
PB7.Locked=true
PB7.Signal=GPIO_Output
PB8.GPIOParameters=GPIO_Speed,PinState,GPIO_PuPd,GPIO_Label,GPIO_ModeDefaultOutputPP
PB8.GPIO_Label=BK1_MCU_FPGA
PB8.GPIO_ModeDefaultOutputPP=GPIO_MODE_OUTPUT_OD
PB8.GPIO_PuPd=GPIO_NOPULL
PB8.GPIO_Speed=GPIO_SPEED_FREQ_HIGH
PB8.Locked=true
PB8.PinState=GPIO_PIN_SET
PB8.Signal=GPIO_Output
PB9.GPIOParameters=GPIO_Speed,PinState,GPIO_PuPd,GPIO_Label,GPIO_ModeDefaultOutputPP
PB9.GPIO_Label=BK2_MCU_FPGA
PB9.GPIO_ModeDefaultOutputPP=GPIO_MODE_OUTPUT_OD
PB9.GPIO_PuPd=GPIO_NOPULL
PB9.GPIO_Speed=GPIO_SPEED_FREQ_VERY_HIGH
PB9.Locked=true
PB9.PinState=GPIO_PIN_SET
PB9.Signal=GPIO_Output
PC0.Signal=FMC_SDNWE
PC1.Mode=RMII
PC1.Signal=ETH_MDC
PC10.Locked=true
PC10.Mode=TX_Only_Simplex_Unidirect_Master
PC10.Signal=SPI3_SCK
PC11.Locked=true
PC11.Signal=SPI3_MISO
PC12.Locked=true
PC12.Mode=TX_Only_Simplex_Unidirect_Master
PC12.Signal=SPI3_MOSI
PC13.GPIOParameters=GPIO_Label
PC13.GPIO_Label=ES_DDSRST
PC13.Locked=true
PC13.Signal=GPIO_Output
PC14/OSC32_IN.Mode=LSE-External-Oscillator
PC14/OSC32_IN.Signal=RCC_OSC32_IN
PC15/OSC32_OUT.Mode=LSE-External-Oscillator
PC15/OSC32_OUT.Signal=RCC_OSC32_OUT
PC2.Locked=true
PC2.Mode=SdramChipSelect1_1
PC2.Signal=FMC_SDNE0
PC3.Locked=true
PC3.Mode=SdramChipSelect1_1
PC3.Signal=FMC_SDCKE0
PC4.Mode=RMII
PC4.Signal=ETH_RXD0
PC5.Mode=RMII
PC5.Signal=ETH_RXD1
PC6.GPIOParameters=GPIO_Label
PC6.GPIO_Label=MCU_LED
PC6.Locked=true
PC6.Signal=GPIO_Output
PC7.GPIOParameters=GPIO_Label
PC7.GPIO_Label=MCU_ErrorLED
PC7.Locked=true
PC7.Signal=GPIO_Output
PC8.GPIOParameters=GPIO_Label
PC8.GPIO_Label=BAT_CTRL
PC8.Locked=true
PC8.Signal=GPIO_Output
PC9.Mode=I2C
PC9.Signal=I2C3_SDA
PD0.Signal=FMC_D2_DA2
PD1.Signal=FMC_D3_DA3
PD10.Signal=FMC_D15_DA15
PD11.GPIOParameters=GPIO_Label
PD11.GPIO_Label=ETH_RESET
PD11.Locked=true
PD11.Signal=GPIO_Output
PD12.GPIOParameters=GPIO_Label
PD12.GPIO_Label=ESMOS_EN
PD12.Locked=true
PD12.Signal=GPIO_Output
PD13.GPIOParameters=GPIO_Label
PD13.GPIO_Label=Uni_ClotBtn
PD13.Locked=true
PD13.Signal=GPIO_Input
PD14.Signal=FMC_D0_DA0
PD15.Signal=FMC_D1_DA1
PD2.GPIOParameters=GPIO_Label
PD2.GPIO_Label=UniDetect_EN
PD2.Locked=true
PD2.Signal=GPIO_Output
PD3.Locked=true
PD3.Signal=FMC_CLK
PD4.Locked=true
PD4.Signal=FMC_NOE
PD5.Locked=true
PD5.Signal=FMC_NWE
PD6.Locked=true
PD6.Signal=FMC_NWAIT
PD7.Locked=true
PD7.Signal=FMC_NCE2
PD8.Signal=FMC_D13_DA13
PD9.Signal=FMC_D14_DA14
PE0.Locked=true
PE0.Signal=FMC_NBL0
PE1.Locked=true
PE1.Signal=FMC_NBL1
PE10.Signal=FMC_D7_DA7
PE11.Signal=FMC_D8_DA8
PE12.Signal=FMC_D9_DA9
PE13.Signal=FMC_D10_DA10
PE14.Signal=FMC_D11_DA11
PE15.Signal=FMC_D12_DA12
PE2.Locked=true
PE2.Mode=SAI_A_MasterWithClock
PE2.Signal=SAI1_MCLK_A
PE3.Locked=true
PE3.Mode=SAI_B_SyncSlave
PE3.Signal=SAI1_SD_B
PE4.Mode=SAI_A_MasterWithClock
PE4.Signal=SAI1_FS_A
PE5.Mode=SAI_A_MasterWithClock
PE5.Signal=SAI1_SCK_A
PE6.Mode=SAI_A_MasterWithClock
PE6.Signal=SAI1_SD_A
PE7.Signal=FMC_D4_DA4
PE8.Signal=FMC_D5_DA5
PE9.Signal=FMC_D6_DA6
PF0.Signal=FMC_A0
PF1.Signal=FMC_A1
PF10.GPIOParameters=GPIO_Label
PF10.GPIO_Label=F_CS2
PF10.Locked=true
PF10.Signal=GPIO_Output
PF11.Signal=FMC_SDNRAS
PF12.Signal=FMC_A6
PF13.Signal=FMC_A7
PF14.Signal=FMC_A8
PF15.Signal=FMC_A9
PF2.Signal=FMC_A2
PF3.Signal=FMC_A3
PF4.Signal=FMC_A4
PF5.Signal=FMC_A5
PF6.GPIOParameters=GPIO_Label
PF6.GPIO_Label=F-CS1
PF6.Locked=true
PF6.Signal=GPIO_Output
PF7.Mode=Full_Duplex_Master
PF7.Signal=SPI5_SCK
PF8.Mode=Full_Duplex_Master
PF8.Signal=SPI5_MISO
PF9.Mode=Full_Duplex_Master
PF9.Signal=SPI5_MOSI
PG0.Signal=FMC_A10
PG1.Signal=FMC_A11
PG10.GPIOParameters=GPIO_Label
PG10.GPIO_Label=ES_SPI6_MISO_OE
PG10.Locked=true
PG10.Signal=GPIO_Output
PG11.Mode=RMII
PG11.Signal=ETH_TX_EN
PG12.Mode=Full_Duplex_Master
PG12.Signal=SPI6_MISO
PG13.Mode=Full_Duplex_Master
PG13.Signal=SPI6_SCK
PG14.Mode=Full_Duplex_Master
PG14.Signal=SPI6_MOSI
PG15.Signal=FMC_SDNCAS
PG2.Signal=FMC_A12
PG3.GPIOParameters=PinState,GPIO_Label
PG3.GPIO_Label=SPI6_CS_PG3_ES
PG3.Locked=true
PG3.PinState=GPIO_PIN_SET
PG3.Signal=GPIO_Output
PG4.Signal=FMC_A14_BA0
PG5.Signal=FMC_A15_BA1
PG6.GPIOParameters=GPIO_Label
PG6.GPIO_Label=SPI6_NSS_US
PG6.Locked=true
PG6.Signal=GPIO_Output
PG7.GPIOParameters=GPIO_Label
PG7.GPIO_Label=SPI6_NSS_ES
PG7.Locked=true
PG7.Signal=GPIO_Output
PG8.Signal=FMC_SDCLK
PG9.Locked=true
PG9.Signal=FMC_NE2
PH0/OSC_IN.Mode=HSE-External-Oscillator
PH0/OSC_IN.Signal=RCC_OSC_IN
PH1/OSC_OUT.Mode=HSE-External-Oscillator
PH1/OSC_OUT.Signal=RCC_OSC_OUT
PH10.GPIOParameters=GPIO_Label
PH10.GPIO_Label=US_LM5085_SW
PH10.Locked=true
PH10.Signal=GPIO_Output
PH11.GPIOParameters=GPIO_Label
PH11.GPIO_Label=ESPZT_CNT
PH11.Locked=true
PH11.Signal=GPIO_Input
PH12.GPIOParameters=GPIO_Label
PH12.GPIO_Label=US_OUT_SW
PH12.Locked=true
PH12.Signal=GPIO_Output
PH13.GPIOParameters=GPIO_Label
PH13.GPIO_Label=MCU_EEPROM
PH13.Locked=true
PH13.Signal=GPIO_Input
PH14.GPIOParameters=GPIO_Label
PH14.GPIO_Label=ES_MOD_SW
PH14.Locked=true
PH14.Signal=GPIO_Output
PH15.GPIOParameters=GPIO_Label
PH15.GPIO_Label=TS_Touch
PH15.Locked=true
PH15.Signal=GPIO_Input
PH2.GPIOParameters=PinState,GPIO_PuPd,GPIO_Label,GPIO_ModeDefaultOutputPP
PH2.GPIO_Label=US_MCUSpare1
PH2.GPIO_ModeDefaultOutputPP=GPIO_MODE_OUTPUT_OD
PH2.GPIO_PuPd=GPIO_NOPULL
PH2.Locked=true
PH2.PinState=GPIO_PIN_SET
PH2.Signal=GPIO_Output
PH3.GPIOParameters=PinState,GPIO_PuPd,GPIO_Label,GPIO_ModeDefaultOutputPP
PH3.GPIO_Label=US_MCUSpare2
PH3.GPIO_ModeDefaultOutputPP=GPIO_MODE_OUTPUT_OD
PH3.GPIO_PuPd=GPIO_NOPULL
PH3.Locked=true
PH3.PinState=GPIO_PIN_SET
PH3.Signal=GPIO_Output
PH4.Mode=I2C
PH4.Signal=I2C2_SCL
PH5.Mode=I2C
PH5.Signal=I2C2_SDA
PH6.GPIOParameters=GPIO_Label
PH6.GPIO_Label=ESPZT_InDect
PH6.Locked=true
PH6.Signal=GPIO_Input
PH7.GPIOParameters=GPIO_Label
PH7.GPIO_Label=Uni_InDect
PH7.Locked=true
PH7.Signal=GPIO_Input
PH8.GPIOParameters=GPIO_Label
PH8.GPIO_Label=PZT_CNT
PH8.Locked=true
PH8.Signal=GPIO_Input
PH9.GPIOParameters=GPIO_Label
PH9.GPIO_Label=ES_FTMAX
PH9.Locked=true
PH9.Signal=GPIO_Input
PI0.GPIOParameters=PinState,GPIO_Label
PI0.GPIO_Label=SPI2_NSS_US_DAC
PI0.Locked=true
PI0.PinState=GPIO_PIN_SET
PI0.Signal=GPIO_Output
PI1.Mode=Simplex_Bidirectional_Master
PI1.Signal=SPI2_SCK
PI10.GPIOParameters=PinState,GPIO_PuPd,GPIO_Label,GPIO_ModeDefaultOutputPP
PI10.GPIO_Label=FMC_GPIO4
PI10.GPIO_ModeDefaultOutputPP=GPIO_MODE_OUTPUT_OD
PI10.GPIO_PuPd=GPIO_NOPULL
PI10.Locked=true
PI10.PinState=GPIO_PIN_SET
PI10.Signal=GPIO_Output
PI11.GPIOParameters=PinState,GPIO_PuPd,GPIO_Label,GPIO_ModeDefaultOutputPP
PI11.GPIO_Label=FMC_GPIO5
PI11.GPIO_ModeDefaultOutputPP=GPIO_MODE_OUTPUT_OD
PI11.GPIO_PuPd=GPIO_NOPULL
PI11.Locked=true
PI11.PinState=GPIO_PIN_SET
PI11.Signal=GPIO_Output
PI12.GPIOParameters=GPIO_Label
PI12.GPIO_Label=US_RelayCtrl
PI12.Locked=true
PI12.Signal=GPIO_Output
PI13.GPIOParameters=PinState,GPIO_Label
PI13.GPIO_Label=US_SPI6_MISO_OE
PI13.Locked=true
PI13.PinState=GPIO_PIN_SET
PI13.Signal=GPIO_Output
PI14.GPIOParameters=GPIO_Label
PI14.GPIO_Label=BiDetect_EN
PI14.Locked=true
PI14.Signal=GPIO_Output
PI15.GPIOParameters=GPIO_Label
PI15.GPIO_Label=Uni_CutBtn
PI15.Locked=true
PI15.Signal=GPIO_Input
PI2.GPIOParameters=GPIO_Label
PI2.GPIO_Label=TS_YLED
PI2.Locked=true
PI2.Signal=GPIO_Output
PI3.Mode=Simplex_Bidirectional_Master
PI3.Signal=SPI2_MOSI
PI4.GPIOParameters=GPIO_Label
PI4.GPIO_Label=ES_FQUD
PI4.Locked=true
PI4.Signal=GPIO_Output
PI5.GPIOParameters=GPIO_Label
PI5.GPIO_Label=TS_BLED
PI5.Locked=true
PI5.Signal=GPIO_Output
PI6.GPIOParameters=PinState,GPIO_Label
PI6.GPIO_Label=SPI2_NSS_ES_DAC
PI6.Locked=true
PI6.PinState=GPIO_PIN_SET
PI6.Signal=GPIO_Output
PI7.GPIOParameters=PinState,GPIO_PuPd,GPIO_Label,GPIO_ModeDefaultOutputPP
PI7.GPIO_Label=FMC_GPIO1
PI7.GPIO_ModeDefaultOutputPP=GPIO_MODE_OUTPUT_OD
PI7.GPIO_PuPd=GPIO_NOPULL
PI7.Locked=true
PI7.PinState=GPIO_PIN_SET
PI7.Signal=GPIO_Output
PI8.GPIOParameters=PinState,GPIO_PuPd,GPIO_Label,GPIO_ModeDefaultOutputPP
PI8.GPIO_Label=FMC_GPIO2
PI8.GPIO_ModeDefaultOutputPP=GPIO_MODE_OUTPUT_OD
PI8.GPIO_PuPd=GPIO_NOPULL
PI8.Locked=true
PI8.PinState=GPIO_PIN_SET
PI8.Signal=GPIO_Output
PI9.GPIOParameters=PinState,GPIO_PuPd,GPIO_Label,GPIO_ModeDefaultOutputPP
PI9.GPIO_Label=FMC_GPIO3
PI9.GPIO_ModeDefaultOutputPP=GPIO_MODE_OUTPUT_OD
PI9.GPIO_PuPd=GPIO_NOPULL
PI9.Locked=true
PI9.PinState=GPIO_PIN_SET
PI9.Signal=GPIO_Output
PJ0.GPIOParameters=GPIO_Label
PJ0.GPIO_Label=LCD_BL_Ctrl
PJ0.Locked=true
PJ0.Signal=GPIO_Output
PJ1.GPIOParameters=GPIO_Label
PJ1.GPIO_Label=FT_EN
PJ1.Locked=true
PJ1.Signal=GPIO_Input
PJ10.GPIOParameters=GPIO_Label
PJ10.GPIO_Label=ES_OVERCurrent
PJ10.Locked=true
PJ10.Signal=GPIO_Input
PJ11.GPIOParameters=GPIO_Label
PJ11.GPIO_Label=US_FQUD
PJ11.Locked=true
PJ11.Signal=GPIO_Output
PJ12.GPIOParameters=GPIO_Label
PJ12.GPIO_Label=USMOS_EN
PJ12.Locked=true
PJ12.Signal=GPIO_Output
PJ13.GPIOParameters=GPIO_Label
PJ13.GPIO_Label=PWR_SUPV
PJ13.Locked=true
PJ13.Signal=GPIO_Input
PJ14.GPIOParameters=GPIO_Label
PJ14.GPIO_Label=USADJ_ctrl
PJ14.Locked=true
PJ14.Signal=GPIO_Output
PJ15.GPIOParameters=PinState,GPIO_PuPd,GPIO_Label,GPIO_ModeDefaultOutputPP
PJ15.GPIO_Label=US_MCUSpare3
PJ15.GPIO_ModeDefaultOutputPP=GPIO_MODE_OUTPUT_OD
PJ15.GPIO_PuPd=GPIO_NOPULL
PJ15.Locked=true
PJ15.PinState=GPIO_PIN_SET
PJ15.Signal=GPIO_Output
PJ2.GPIOParameters=GPIO_Label
PJ2.GPIO_Label=FT_MIN
PJ2.Locked=true
PJ2.Signal=GPIO_Input
PJ3.GPIOParameters=GPIO_Label
PJ3.GPIO_Label=FAN_ctr
PJ3.Locked=true
PJ3.Signal=GPIO_Output
PJ4.GPIOParameters=GPIO_Label
PJ4.GPIO_Label=BK_ESADJ_SW
PJ4.Locked=true
PJ4.Signal=GPIO_Output
PJ5.GPIOParameters=GPIO_Label
PJ5.GPIO_Label=ES_HDLctrl
PJ5.Locked=true
PJ5.Signal=GPIO_Output
PJ6.GPIOParameters=GPIO_Label
PJ6.GPIO_Label=ES_FTEN
PJ6.Locked=true
PJ6.Signal=GPIO_Input
PJ7.GPIOParameters=GPIO_Label
PJ7.GPIO_Label=PZT_In_Dect
PJ7.Locked=true
PJ7.Signal=GPIO_Input
PJ8.GPIOParameters=GPIO_Label
PJ8.GPIO_Label=NegPlate_InsDect
PJ8.Locked=true
PJ8.Signal=GPIO_Input
PJ9.GPIOParameters=GPIO_Label
PJ9.GPIO_Label=US_OVERCurren
PJ9.Locked=true
PJ9.Signal=GPIO_Input
PK0.GPIOParameters=PinState,GPIO_PuPd,GPIO_Label,GPIO_ModeDefaultOutputPP
PK0.GPIO_Label=US_MCUSpare4
PK0.GPIO_ModeDefaultOutputPP=GPIO_MODE_OUTPUT_OD
PK0.GPIO_PuPd=GPIO_NOPULL
PK0.Locked=true
PK0.PinState=GPIO_PIN_SET
PK0.Signal=GPIO_Output
PK1.GPIOParameters=PinState,GPIO_PuPd,GPIO_Label,GPIO_ModeDefaultOutputPP
PK1.GPIO_Label=ES_MCUSpare3
PK1.GPIO_ModeDefaultOutputPP=GPIO_MODE_OUTPUT_OD
PK1.GPIO_PuPd=GPIO_NOPULL
PK1.Locked=true
PK1.PinState=GPIO_PIN_SET
PK1.Signal=GPIO_Output
PK2.GPIOParameters=PinState,GPIO_PuPd,GPIO_Label,GPIO_ModeDefaultOutputPP
PK2.GPIO_Label=ES_MCUSpare4
PK2.GPIO_ModeDefaultOutputPP=GPIO_MODE_OUTPUT_OD
PK2.GPIO_PuPd=GPIO_NOPULL
PK2.Locked=true
PK2.PinState=GPIO_PIN_SET
PK2.Signal=GPIO_Output
PK3.GPIOParameters=PinState,GPIO_PuPd,GPIO_Label,GPIO_ModeDefaultOutputPP
PK3.GPIO_Label=ES_MCUSpare1
PK3.GPIO_ModeDefaultOutputPP=GPIO_MODE_OUTPUT_OD
PK3.GPIO_PuPd=GPIO_NOPULL
PK3.Locked=true
PK3.PinState=GPIO_PIN_SET
PK3.Signal=GPIO_Output
PK4.GPIOParameters=PinState,GPIO_PuPd,GPIO_Label,GPIO_ModeDefaultOutputPP
PK4.GPIO_Label=ES_MCUSpare2
PK4.GPIO_ModeDefaultOutputPP=GPIO_MODE_OUTPUT_OD
PK4.GPIO_PuPd=GPIO_NOPULL
PK4.Locked=true
PK4.PinState=GPIO_PIN_SET
PK4.Signal=GPIO_Output
PK5.GPIOParameters=PinState,GPIO_Label
PK5.GPIO_Label=US_DDSRST
PK5.Locked=true
PK5.PinState=GPIO_PIN_SET
PK5.Signal=GPIO_Output
PK6.GPIOParameters=PinState,GPIO_PuPd,GPIO_Label,GPIO_ModeDefaultOutputPP
PK6.GPIO_Label=BK3_MCU_FPGA
PK6.GPIO_ModeDefaultOutputPP=GPIO_MODE_OUTPUT_OD
PK6.GPIO_PuPd=GPIO_NOPULL
PK6.Locked=true
PK6.PinState=GPIO_PIN_SET
PK6.Signal=GPIO_Output
PK7.GPIOParameters=PinState,GPIO_PuPd,GPIO_Label,GPIO_ModeDefaultOutputPP
PK7.GPIO_Label=BK4_MCU_FPGA
PK7.GPIO_ModeDefaultOutputPP=GPIO_MODE_OUTPUT_OD
PK7.GPIO_PuPd=GPIO_NOPULL
PK7.Locked=true
PK7.PinState=GPIO_PIN_SET
PK7.Signal=GPIO_Output
PinOutPanel.CurrentBGAView=Top
PinOutPanel.RotationAngle=0
ProjectManager.AskForMigrate=true
ProjectManager.BackupPrevious=false
ProjectManager.CompilerOptimize=6
ProjectManager.ComputerToolchain=false
ProjectManager.CoupleFile=false
ProjectManager.CustomerFirmwarePackage=
ProjectManager.DefaultFWLocation=true
ProjectManager.DeletePrevious=true
ProjectManager.DeviceId=STM32F429NIHx
ProjectManager.FirmwarePackage=STM32Cube FW_F4 V1.27.1
ProjectManager.FreePins=true
ProjectManager.HalAssertFull=false
ProjectManager.HeapSize=0x1000
ProjectManager.KeepUserCode=true
ProjectManager.LastFirmware=true
ProjectManager.LibraryCopy=0
ProjectManager.MainLocation=Core/Src
ProjectManager.NoMain=false
ProjectManager.PreviousToolchain=
ProjectManager.ProjectBuild=false
ProjectManager.ProjectFileName=stm32work.ioc
ProjectManager.ProjectName=stm32work
ProjectManager.RegisterCallBack=
ProjectManager.StackSize=0x1000
ProjectManager.TargetToolchain=MDK-ARM V5.32
ProjectManager.ToolChainLocation=
ProjectManager.UnderRoot=false
ProjectManager.functionlistsort=1-SystemClock_Config-RCC-false-HAL-false,2-MX_GPIO_Init-GPIO-false-HAL-true,3-MX_FMC_Init-FMC-false-HAL-true,4-MX_ADC1_Init-ADC1-false-HAL-true,5-MX_CAN1_Init-CAN1-false-HAL-true,6-MX_DAC_Init-DAC-false-HAL-true,7-MX_I2C2_Init-I2C2-false-HAL-true,8-MX_I2C3_Init-I2C3-false-HAL-true,9-MX_SAI1_Init-SAI1-false-HAL-true,10-MX_SPI2_Init-SPI2-false-HAL-true,11-MX_SPI3_Init-SPI3-false-HAL-true,12-MX_SPI5_Init-SPI5-false-HAL-true,13-MX_SPI6_Init-SPI6-false-HAL-true,14-MX_USART1_UART_Init-USART1-false-HAL-true,15-MX_LWIP_Init-LWIP-false-HAL-false,16-MX_DMA_Init-DMA-false-HAL-true,17-MX_TIM7_Init-TIM7-false-HAL-true,18-MX_USART3_UART_Init-USART3-false-HAL-true
RCC.48MHZClocksFreq_Value=90000000
RCC.AHBFreq_Value=180000000
RCC.APB1CLKDivider=RCC_HCLK_DIV4
RCC.APB1Freq_Value=45000000
RCC.APB1TimFreq_Value=90000000
RCC.APB2CLKDivider=RCC_HCLK_DIV2
RCC.APB2Freq_Value=90000000
RCC.APB2TimFreq_Value=180000000
RCC.CortexFreq_Value=180000000
RCC.EthernetFreq_Value=180000000
RCC.FCLKCortexFreq_Value=180000000
RCC.FamilyName=M
RCC.HCLKFreq_Value=180000000
RCC.HSE_VALUE=25000000
RCC.HSI_VALUE=16000000
RCC.I2SClocksFreq_Value=160000000
RCC.IPParameters=48MHZClocksFreq_Value,AHBFreq_Value,APB1CLKDivider,APB1Freq_Value,APB1TimFreq_Value,APB2CLKDivider,APB2Freq_Value,APB2TimFreq_Value,CortexFreq_Value,EthernetFreq_Value,FCLKCortexFreq_Value,FamilyName,HCLKFreq_Value,HSE_VALUE,HSI_VALUE,I2SClocksFreq_Value,LCDTFTFreq_Value,LSI_VALUE,MCO2PinFreq_Value,PLLCLKFreq_Value,PLLM,PLLN,PLLQCLKFreq_Value,PLLSAIN,PLLSourceVirtual,RTCFreq_Value,RTCHSEDivFreq_Value,SAI_AClocksFreq_Value,SAI_BClocksFreq_Value,SYSCLKFreq_VALUE,SYSCLKSource,VCOI2SOutputFreq_Value,VCOInputFreq_Value,VCOOutputFreq_Value,VCOSAIOutputFreq_Value,VCOSAIOutputFreq_ValueQ,VCOSAIOutputFreq_ValueR,VcooutputI2S,VcooutputI2SQ
RCC.LCDTFTFreq_Value=25000000
RCC.LSI_VALUE=32000
RCC.MCO2PinFreq_Value=180000000
RCC.PLLCLKFreq_Value=180000000
RCC.PLLM=15
RCC.PLLN=216
RCC.PLLQCLKFreq_Value=90000000
RCC.PLLSAIN=60
RCC.PLLSourceVirtual=RCC_PLLSOURCE_HSE
RCC.RTCFreq_Value=32000
RCC.RTCHSEDivFreq_Value=12500000
RCC.SAI_AClocksFreq_Value=25000000
RCC.SAI_BClocksFreq_Value=25000000
RCC.SYSCLKFreq_VALUE=180000000
RCC.SYSCLKSource=RCC_SYSCLKSOURCE_PLLCLK
RCC.VCOI2SOutputFreq_Value=320000000
RCC.VCOInputFreq_Value=1666666.6666666667
RCC.VCOOutputFreq_Value=360000000
RCC.VCOSAIOutputFreq_Value=100000000
RCC.VCOSAIOutputFreq_ValueQ=25000000
RCC.VCOSAIOutputFreq_ValueR=50000000
RCC.VcooutputI2S=160000000
RCC.VcooutputI2SQ=160000000
SAI1.ErrorAudioFreq-SAI_A_MasterWithClock=-49.13 %
SAI1.IPParameters=Synchro_A,Instance-SAI_A_MasterWithClock,VirtualMode-SAI_A_MasterWithClock,MClockEnable-SAI_A_MasterWithClock,RealAudioFreq-SAI_A_MasterWithClock,ErrorAudioFreq-SAI_A_MasterWithClock,Instance-SAI_B_SyncSlave,VirtualMode-SAI_B_SyncSlave,Synchro_B
SAI1.Instance-SAI_A_MasterWithClock=SAI$Index_Block_A
SAI1.Instance-SAI_B_SyncSlave=SAI$Index_Block_B
SAI1.MClockEnable-SAI_A_MasterWithClock=SAI_MASTERCLOCK_ENABLE
SAI1.RealAudioFreq-SAI_A_MasterWithClock=97.656 KHz
SAI1.Synchro_A=SAI_ASYNCHRONOUS
SAI1.Synchro_B=SAI_SYNCHRONOUS
SAI1.VirtualMode-SAI_A_MasterWithClock=VM_MASTER
SAI1.VirtualMode-SAI_B_SyncSlave=VM_SLAVE
SH.ADCx_IN3.0=ADC1_IN3,IN3
SH.ADCx_IN3.ConfNb=1
SH.ADCx_IN6.0=ADC1_IN6,IN6
SH.ADCx_IN6.ConfNb=1
SH.ADCx_IN9.0=ADC1_IN9,IN9
SH.ADCx_IN9.ConfNb=1
SH.COMP_DAC1_group.0=DAC_OUT1,DAC_OUT1
SH.COMP_DAC1_group.ConfNb=1
SH.COMP_DAC2_group.0=DAC_OUT2,DAC_OUT2
SH.COMP_DAC2_group.ConfNb=1
SH.FMC_A0.0=FMC_A0,13b-sda1
SH.FMC_A0.ConfNb=1
SH.FMC_A1.0=FMC_A1,13b-sda1
SH.FMC_A1.ConfNb=1
SH.FMC_A10.0=FMC_A10,13b-sda1
SH.FMC_A10.ConfNb=1
SH.FMC_A11.0=FMC_A11,13b-sda1
SH.FMC_A11.ConfNb=1
SH.FMC_A12.0=FMC_A12,13b-sda1
SH.FMC_A12.ConfNb=1
SH.FMC_A14_BA0.0=FMC_BA0,FourSdramBanks1
SH.FMC_A14_BA0.ConfNb=1
SH.FMC_A15_BA1.0=FMC_BA1,FourSdramBanks1
SH.FMC_A15_BA1.ConfNb=1
SH.FMC_A2.0=FMC_A2,13b-sda1
SH.FMC_A2.ConfNb=1
SH.FMC_A3.0=FMC_A3,13b-sda1
SH.FMC_A3.ConfNb=1
SH.FMC_A4.0=FMC_A4,13b-sda1
SH.FMC_A4.ConfNb=1
SH.FMC_A5.0=FMC_A5,13b-sda1
SH.FMC_A5.ConfNb=1
SH.FMC_A6.0=FMC_A6,13b-sda1
SH.FMC_A6.ConfNb=1
SH.FMC_A7.0=FMC_A7,13b-sda1
SH.FMC_A7.ConfNb=1
SH.FMC_A8.0=FMC_A8,13b-sda1
SH.FMC_A8.ConfNb=1
SH.FMC_A9.0=FMC_A9,13b-sda1
SH.FMC_A9.ConfNb=1
SH.FMC_CLK.0=FMC_CLK
SH.FMC_CLK.ConfNb=1
SH.FMC_D0_DA0.0=FMC_D0,sd-16b-d1
SH.FMC_D0_DA0.ConfNb=1
SH.FMC_D10_DA10.0=FMC_D10,sd-16b-d1
SH.FMC_D10_DA10.ConfNb=1
SH.FMC_D11_DA11.0=FMC_D11,sd-16b-d1
SH.FMC_D11_DA11.ConfNb=1
SH.FMC_D12_DA12.0=FMC_D12,sd-16b-d1
SH.FMC_D12_DA12.ConfNb=1
SH.FMC_D13_DA13.0=FMC_D13,sd-16b-d1
SH.FMC_D13_DA13.ConfNb=1
SH.FMC_D14_DA14.0=FMC_D14,sd-16b-d1
SH.FMC_D14_DA14.ConfNb=1
SH.FMC_D15_DA15.0=FMC_D15,sd-16b-d1
SH.FMC_D15_DA15.ConfNb=1
SH.FMC_D1_DA1.0=FMC_D1,sd-16b-d1
SH.FMC_D1_DA1.ConfNb=1
SH.FMC_D2_DA2.0=FMC_D2,sd-16b-d1
SH.FMC_D2_DA2.ConfNb=1
SH.FMC_D3_DA3.0=FMC_D3,sd-16b-d1
SH.FMC_D3_DA3.ConfNb=1
SH.FMC_D4_DA4.0=FMC_D4,sd-16b-d1
SH.FMC_D4_DA4.ConfNb=1
SH.FMC_D5_DA5.0=FMC_D5,sd-16b-d1
SH.FMC_D5_DA5.ConfNb=1
SH.FMC_D6_DA6.0=FMC_D6,sd-16b-d1
SH.FMC_D6_DA6.ConfNb=1
SH.FMC_D7_DA7.0=FMC_D7,sd-16b-d1
SH.FMC_D7_DA7.ConfNb=1
SH.FMC_D8_DA8.0=FMC_D8,sd-16b-d1
SH.FMC_D8_DA8.ConfNb=1
SH.FMC_D9_DA9.0=FMC_D9,sd-16b-d1
SH.FMC_D9_DA9.ConfNb=1
SH.FMC_NBL0.0=FMC_NBL0,Sd2ByteEnable1
SH.FMC_NBL0.ConfNb=1
SH.FMC_NBL1.0=FMC_NBL1,Sd2ByteEnable1
SH.FMC_NBL1.ConfNb=1
SH.FMC_NOE.0=FMC_NOE
SH.FMC_NOE.ConfNb=1
SH.FMC_NWAIT.0=FMC_NWAIT
SH.FMC_NWAIT.ConfNb=1
SH.FMC_NWE.0=FMC_NWE
SH.FMC_NWE.ConfNb=1
SH.FMC_SDCLK.0=FMC_SDCLK,13b-sda1
SH.FMC_SDCLK.ConfNb=1
SH.FMC_SDNCAS.0=FMC_SDNCAS,13b-sda1
SH.FMC_SDNCAS.ConfNb=1
SH.FMC_SDNRAS.0=FMC_SDNRAS,13b-sda1
SH.FMC_SDNRAS.ConfNb=1
SH.FMC_SDNWE.0=FMC_SDNWE,13b-sda1
SH.FMC_SDNWE.ConfNb=1
SPI2.CalculateBaudRate=22.5 MBits/s
SPI2.Direction=SPI_DIRECTION_1LINE
SPI2.IPParameters=VirtualType,Mode,Direction,CalculateBaudRate
SPI2.Mode=SPI_MODE_MASTER
SPI2.VirtualType=VM_MASTER
SPI3.BaudRatePrescaler=SPI_BAUDRATEPRESCALER_8
SPI3.CalculateBaudRate=5.625 MBits/s
SPI3.Direction=SPI_DIRECTION_2LINES
SPI3.FirstBit=SPI_FIRSTBIT_LSB
SPI3.IPParameters=VirtualType,Mode,Direction,CalculateBaudRate,BaudRatePrescaler,FirstBit
SPI3.Mode=SPI_MODE_MASTER
SPI3.VirtualType=VM_MASTER
SPI5.BaudRatePrescaler=SPI_BAUDRATEPRESCALER_128
SPI5.CLKPhase=SPI_PHASE_2EDGE
SPI5.CLKPolarity=SPI_POLARITY_HIGH
SPI5.CalculateBaudRate=703.125 KBits/s
SPI5.Direction=SPI_DIRECTION_2LINES
SPI5.IPParameters=VirtualType,Mode,Direction,CalculateBaudRate,BaudRatePrescaler,CLKPolarity,CLKPhase
SPI5.Mode=SPI_MODE_MASTER
SPI5.VirtualType=VM_MASTER
SPI6.CalculateBaudRate=45.0 MBits/s
SPI6.Direction=SPI_DIRECTION_2LINES
SPI6.IPParameters=VirtualType,Mode,Direction,CalculateBaudRate
SPI6.Mode=SPI_MODE_MASTER
SPI6.VirtualType=VM_MASTER
TIM7.AutoReloadPreload=TIM_AUTORELOAD_PRELOAD_ENABLE
TIM7.IPParameters=Prescaler,Period,AutoReloadPreload
TIM7.Period=999
TIM7.Prescaler=179
USART1.IPParameters=VirtualMode
USART1.VirtualMode=VM_ASYNC
USART3.IPParameters=VirtualMode
USART3.VirtualMode=VM_ASYNC
VP_FREERTOS_VS_CMSIS_V2.Mode=CMSIS_V2
VP_FREERTOS_VS_CMSIS_V2.Signal=FREERTOS_VS_CMSIS_V2
VP_LWIP_VS_Enabled.Mode=Enabled
VP_LWIP_VS_Enabled.Signal=LWIP_VS_Enabled
VP_SYS_VS_tim12.Mode=TIM12
VP_SYS_VS_tim12.Signal=SYS_VS_tim12
VP_TIM7_VS_ClockSourceINT.Mode=Enable_Timer
VP_TIM7_VS_ClockSourceINT.Signal=TIM7_VS_ClockSourceINT
board=custom
